<?xml version="1.0" encoding="UTF-8" standalone="yes" ?>
<CodeBlocks_project_file>
	<FileVersion major="1" minor="4" />
	<Project>
		<Option title="IrrlichtW" />
		<Option pch_mode="0" />
		<Option compiler="gcc" />
		<Build>
			<Target title="Release">
				<Option output="../bin/Release/IrrlichtW.so" />
				<Option working_dir="../bin/Release" />
				<Option object_output="obj/Release/" />
				<Option type="3" />
				<Option compiler="gcc" />
				<Option includeInTargetAll="1" />
				<Compiler>
					<Add option="-O2" />
					<Add option="-w" />
					<Add option="-s" />
				</Compiler>
			</Target>
		</Build>
		<Compiler>
			<Add option="-Os" />
			<Add option="-Wall" />
			<Add directory="/home/deusxl/Projects/irrlicht-1.0/include" />
		</Compiler>
		<Linker>
			<Add option="-s" />
			<Add library="GL" />
			<Add library="GLU" />
			<Add library="Xxf86vm" />
			<Add library="../Irrlicht SDK/lib/Linux/libIrrlicht.a" />
			<Add directory="/home/deusxl/Projects/irrlicht-1.0/lib/Linux" />
		</Linker>
		<Unit filename="animatedhmesh.h">
			<Option compilerVar="CPP" />
			<Option compile="0" />
			<Option link="0" />
			<Option target="Release" />
		</Unit>
		<Unit filename="animatedmesh.cpp">
			<Option compilerVar="CPP" />
			<Option target="Release" />
		</Unit>
		<Unit filename="camera.cpp">
			<Option compilerVar="CPP" />
			<Option target="Release" />
		</Unit>
		<Unit filename="camera.h">
			<Option compilerVar="CPP" />
			<Option compile="0" />
			<Option link="0" />
			<Option target="Release" />
		</Unit>
		<Unit filename="conversion.cpp">
			<Option compilerVar="CPP" />
			<Option target="Release" />
		</Unit>
		<Unit filename="conversion.h">
			<Option compilerVar="CPP" />
			<Option compile="0" />
			<Option link="0" />
			<Option target="Release" />
		</Unit>
		<Unit filename="device.cpp">
			<Option compilerVar="CPP" />
			<Option target="Release" />
		</Unit>
		<Unit filename="device.h">
			<Option compilerVar="CPP" />
			<Option compile="0" />
			<Option link="0" />
			<Option target="Release" />
		</Unit>
		<Unit filename="event.cpp">
			<Option compilerVar="CPP" />
			<Option target="Release" />
		</Unit>
		<Unit filename="event.h">
			<Option compilerVar="CPP" />
			<Option compile="0" />
			<Option link="0" />
			<Option target="Release" />
		</Unit>
		<Unit filename="gpu.cpp">
			<Option compilerVar="CPP" />
			<Option target="Release" />
		</Unit>
		<Unit filename="gpu.h">
			<Option compilerVar="CPP" />
			<Option compile="0" />
			<Option link="0" />
			<Option target="Release" />
		</Unit>
		<Unit filename="guielem.cpp">
			<Option compilerVar="CPP" />
			<Option target="Release" />
		</Unit>
		<Unit filename="guielem.h">
			<Option compilerVar="CPP" />
			<Option compile="0" />
			<Option link="0" />
			<Option target="Release" />
		</Unit>
		<Unit filename="guielem2.cpp">
			<Option compilerVar="CPP" />
			<Option target="Release" />
		</Unit>
		<Unit filename="guielem2.h">
			<Option compilerVar="CPP" />
			<Option compile="0" />
			<Option link="0" />
			<Option target="Release" />
		</Unit>
		<Unit filename="guienv.cpp">
			<Option compilerVar="CPP" />
			<Option target="Release" />
		</Unit>
		<Unit filename="guienv.h">
			<Option compilerVar="CPP" />
			<Option compile="0" />
			<Option link="0" />
			<Option target="Release" />
		</Unit>
		<Unit filename="main.h">
			<Option compilerVar="CPP" />
			<Option compile="0" />
			<Option link="0" />
			<Option target="Release" />
		</Unit>
		<Unit filename="material.cpp">
			<Option compilerVar="CPP" />
			<Option target="Release" />
		</Unit>
		<Unit filename="material.h">
			<Option compilerVar="CPP" />
			<Option compile="0" />
			<Option link="0" />
			<Option target="Release" />
		</Unit>
		<Unit filename="mesh.cpp">
			<Option compilerVar="CPP" />
			<Option target="Release" />
		</Unit>
		<Unit filename="mesh.h">
			<Option compilerVar="CPP" />
			<Option compile="0" />
			<Option link="0" />
			<Option target="Release" />
		</Unit>
		<Unit filename="meshmanipulator.cpp">
			<Option compilerVar="CPP" />
			<Option target="Release" />
		</Unit>
		<Unit filename="meshmanipulator.h">
			<Option compilerVar="CPP" />
			<Option compile="0" />
			<Option link="0" />
			<Option target="Release" />
		</Unit>
		<Unit filename="particlescenenode.cpp">
			<Option compilerVar="CPP" />
			<Option target="Release" />
		</Unit>
		<Unit filename="particlescenenode.h">
			<Option compilerVar="CPP" />
			<Option compile="0" />
			<Option link="0" />
			<Option target="Release" />
		</Unit>
		<Unit filename="scenemanager.cpp">
			<Option compilerVar="CPP" />
			<Option target="Release" />
		</Unit>
		<Unit filename="scenemanager.h">
			<Option compilerVar="CPP" />
			<Option compile="0" />
			<Option link="0" />
			<Option target="Release" />
		</Unit>
		<Unit filename="scenenode.cpp">
			<Option compilerVar="CPP" />
			<Option target="Release" />
		</Unit>
		<Unit filename="scenenode.h">
			<Option compilerVar="CPP" />
			<Option compile="0" />
			<Option link="0" />
			<Option target="Release" />
		</Unit>
		<Unit filename="texture.cpp">
			<Option compilerVar="CPP" />
			<Option target="Release" />
		</Unit>
		<Unit filename="texture.h">
			<Option compilerVar="CPP" />
			<Option compile="0" />
			<Option link="0" />
			<Option target="Release" />
		</Unit>
		<Unit filename="vertices.cpp">
			<Option compilerVar="CPP" />
			<Option target="Release" />
		</Unit>
		<Unit filename="vertices.h">
			<Option compilerVar="CPP" />
			<Option compile="0" />
			<Option link="0" />
			<Option target="Release" />
		</Unit>
		<Unit filename="videodriver.cpp">
			<Option compilerVar="CPP" />
			<Option target="Release" />
		</Unit>
		<Unit filename="videodriver.h">
			<Option compilerVar="CPP" />
			<Option compile="0" />
			<Option link="0" />
			<Option target="Release" />
		</Unit>
		<Extensions />
	</Project>
</CodeBlocks_project_file>